
Microsoft Visual Studio Solution File, Format Version 12.00
# Visual Studio Version 17
VisualStudioVersion = 17.2.32526.322
MinimumVisualStudioVersion = 10.0.40219.1
Project("{9A19103F-16F7-4668-BE54-9A1E7A4F7556}") = "Homework2", "Homework2\Homework2.csproj", "{72044EBF-A51F-47D9-BDB7-1E1BFA38F25C}"
EndProject
Project("{9A19103F-16F7-4668-BE54-9A1E7A4F7556}") = "GBStudyLib", "..\Homework1e4\GBStudyLib\GBStudyLib.csproj", "{E58148E7-AB89-4BDD-AB8D-776DC5D39A06}"
EndProject
Global
	GlobalSection(SolutionConfigurationPlatforms) = preSolution
		Debug|Any CPU = Debug|Any CPU
		Release|Any CPU = Release|Any CPU
	EndGlobalSection
	GlobalSection(ProjectConfigurationPlatforms) = postSolution
		{72044EBF-A51F-47D9-BDB7-1E1BFA38F25C}.Debug|Any CPU.ActiveCfg = Debug|Any CPU
		{72044EBF-A51F-47D9-BDB7-1E1BFA38F25C}.Debug|Any CPU.Build.0 = Debug|Any CPU
		{72044EBF-A51F-47D9-BDB7-1E1BFA38F25C}.Release|Any CPU.ActiveCfg = Release|Any CPU
		{72044EBF-A51F-47D9-BDB7-1E1BFA38F25C}.Release|Any CPU.Build.0 = Release|Any CPU
		{E58148E7-AB89-4BDD-AB8D-776DC5D39A06}.Debug|Any CPU.ActiveCfg = Debug|Any CPU
		{E58148E7-AB89-4BDD-AB8D-776DC5D39A06}.Debug|Any CPU.Build.0 = Debug|Any CPU
		{E58148E7-AB89-4BDD-AB8D-776DC5D39A06}.Release|Any CPU.ActiveCfg = Release|Any CPU
		{E58148E7-AB89-4BDD-AB8D-776DC5D39A06}.Release|Any CPU.Build.0 = Release|Any CPU
	EndGlobalSection
	GlobalSection(SolutionProperties) = preSolution
		HideSolutionNode = FALSE
	EndGlobalSection
	GlobalSection(ExtensibilityGlobals) = postSolution
		SolutionGuid = {E8230A9F-E2BD-43FA-B485-E13D510E5182}
	EndGlobalSection
EndGlobal
